
Microsoft Visual Studio Solution File, Format Version 12.00
# Visual Studio Version 16
VisualStudioVersion = 16.0.30907.101
MinimumVisualStudioVersion = 10.0.40219.1
Project("{FAE04EC0-301F-11D3-BF4B-00C04F79EFBC}") = "tdd-study", "tdd-study\tdd-study.csproj", "{B02CF390-3D1E-4C8C-8835-84BEE28E0C24}"
EndProject
Project("{FAE04EC0-301F-11D3-BF4B-00C04F79EFBC}") = "tdd-study.Tests", "tdd-study.Tests\tdd-study.Tests.csproj", "{CF2D57A9-2A30-4963-B9F6-F2FFCFCCD941}"
EndProject
Global
	GlobalSection(SolutionConfigurationPlatforms) = preSolution
		Debug|Any CPU = Debug|Any CPU
		Release|Any CPU = Release|Any CPU
	EndGlobalSection
	GlobalSection(ProjectConfigurationPlatforms) = postSolution
		{B02CF390-3D1E-4C8C-8835-84BEE28E0C24}.Debug|Any CPU.ActiveCfg = Debug|Any CPU
		{B02CF390-3D1E-4C8C-8835-84BEE28E0C24}.Debug|Any CPU.Build.0 = Debug|Any CPU
		{B02CF390-3D1E-4C8C-8835-84BEE28E0C24}.Release|Any CPU.ActiveCfg = Release|Any CPU
		{B02CF390-3D1E-4C8C-8835-84BEE28E0C24}.Release|Any CPU.Build.0 = Release|Any CPU
		{CF2D57A9-2A30-4963-B9F6-F2FFCFCCD941}.Debug|Any CPU.ActiveCfg = Debug|Any CPU
		{CF2D57A9-2A30-4963-B9F6-F2FFCFCCD941}.Debug|Any CPU.Build.0 = Debug|Any CPU
		{CF2D57A9-2A30-4963-B9F6-F2FFCFCCD941}.Release|Any CPU.ActiveCfg = Release|Any CPU
		{CF2D57A9-2A30-4963-B9F6-F2FFCFCCD941}.Release|Any CPU.Build.0 = Release|Any CPU
	EndGlobalSection
	GlobalSection(SolutionProperties) = preSolution
		HideSolutionNode = FALSE
	EndGlobalSection
	GlobalSection(ExtensibilityGlobals) = postSolution
		SolutionGuid = {6345FF90-2C8E-4E43-BBA7-42C6CB846116}
	EndGlobalSection
EndGlobal
